
Microsoft Visual Studio Solution File, Format Version 12.00
# Visual Studio 15
VisualStudioVersion = 15.0.27130.2027
MinimumVisualStudioVersion = 10.0.40219.1
Project("{FAE04EC0-301F-11D3-BF4B-00C04F79EFBC}") = "SOSCSRPG_First Project", "SOSCSRPG_First Project\SOSCSRPG_First Project.csproj", "{32BD73AA-A648-4552-A4FE-2AD112DB598B}"
EndProject
Global
	GlobalSection(SolutionConfigurationPlatforms) = preSolution
		Debug|Any CPU = Debug|Any CPU
		Release|Any CPU = Release|Any CPU
	EndGlobalSection
	GlobalSection(ProjectConfigurationPlatforms) = postSolution
		{32BD73AA-A648-4552-A4FE-2AD112DB598B}.Debug|Any CPU.ActiveCfg = Debug|Any CPU
		{32BD73AA-A648-4552-A4FE-2AD112DB598B}.Debug|Any CPU.Build.0 = Debug|Any CPU
		{32BD73AA-A648-4552-A4FE-2AD112DB598B}.Release|Any CPU.ActiveCfg = Release|Any CPU
		{32BD73AA-A648-4552-A4FE-2AD112DB598B}.Release|Any CPU.Build.0 = Release|Any CPU
	EndGlobalSection
	GlobalSection(SolutionProperties) = preSolution
		HideSolutionNode = FALSE
	EndGlobalSection
	GlobalSection(ExtensibilityGlobals) = postSolution
		SolutionGuid = {4BB64F81-E501-4C0A-943F-F7E234993129}
	EndGlobalSection
EndGlobal
